
Microsoft Visual Studio Solution File, Format Version 12.00
# Visual Studio Version 16
VisualStudioVersion = 16.0.30413.136
MinimumVisualStudioVersion = 10.0.40219.1
Project("{FAE04EC0-301F-11D3-BF4B-00C04F79EFBC}") = "PasswordChecker", "PasswordChecker\PasswordChecker.csproj", "{91C79C92-703B-4B40-BE5D-877A7F25850F}"
EndProject
Global
	GlobalSection(SolutionConfigurationPlatforms) = preSolution
		Debug|Any CPU = Debug|Any CPU
		Release|Any CPU = Release|Any CPU
	EndGlobalSection
	GlobalSection(ProjectConfigurationPlatforms) = postSolution
		{91C79C92-703B-4B40-BE5D-877A7F25850F}.Debug|Any CPU.ActiveCfg = Debug|Any CPU
		{91C79C92-703B-4B40-BE5D-877A7F25850F}.Debug|Any CPU.Build.0 = Debug|Any CPU
		{91C79C92-703B-4B40-BE5D-877A7F25850F}.Release|Any CPU.ActiveCfg = Release|Any CPU
		{91C79C92-703B-4B40-BE5D-877A7F25850F}.Release|Any CPU.Build.0 = Release|Any CPU
	EndGlobalSection
	GlobalSection(SolutionProperties) = preSolution
		HideSolutionNode = FALSE
	EndGlobalSection
	GlobalSection(ExtensibilityGlobals) = postSolution
		SolutionGuid = {D5D06B5B-538B-4649-BDAF-1E15A0086024}
	EndGlobalSection
EndGlobal
